{
  "name": "visualizing-covid-search-trends",
  "lockfileVersion": 2,
  "requires": true,
  "packages": {
    "": {
      "dependencies": {
        "@types/d3": "^7.1.0",
        "@types/topojson": "^3.2.3"
      }
    },
    "node_modules/@types/d3": {
      "version": "7.1.0",
      "resolved": "https://registry.npmjs.org/@types/d3/-/d3-7.1.0.tgz",
      "integrity": "sha512-gYWvgeGjEl+zmF8c+U1RNIKqe7sfQwIXeLXO5Os72TjDjCEtgpvGBvZ8dXlAuSS1m6B90Y1Uo6Bm36OGR/OtCA==",
      "dependencies": {
        "@types/d3-array": "*",
        "@types/d3-axis": "*",
        "@types/d3-brush": "*",
        "@types/d3-chord": "*",
        "@types/d3-color": "*",
        "@types/d3-contour": "*",
        "@types/d3-delaunay": "*",
        "@types/d3-dispatch": "*",
        "@types/d3-drag": "*",
        "@types/d3-dsv": "*",
        "@types/d3-ease": "*",
        "@types/d3-fetch": "*",
        "@types/d3-force": "*",
        "@types/d3-format": "*",
        "@types/d3-geo": "*",
        "@types/d3-hierarchy": "*",
        "@types/d3-interpolate": "*",
        "@types/d3-path": "*",
        "@types/d3-polygon": "*",
        "@types/d3-quadtree": "*",
        "@types/d3-random": "*",
        "@types/d3-scale": "*",
        "@types/d3-scale-chromatic": "*",
        "@types/d3-selection": "*",
        "@types/d3-shape": "*",
        "@types/d3-time": "*",
        "@types/d3-time-format": "*",
        "@types/d3-timer": "*",
        "@types/d3-transition": "*",
        "@types/d3-zoom": "*"
      }
    },
    "node_modules/@types/d3-array": {
      "version": "3.0.2",
      "resolved": "https://registry.npmjs.org/@types/d3-array/-/d3-array-3.0.2.tgz",
      "integrity": "sha512-5mjGjz6XOXKOCdTajXTZ/pMsg236RdiwKPrRPWAEf/2S/+PzwY+LLYShUpeysWaMvsdS7LArh6GdUefoxpchsQ=="
    },
    "node_modules/@types/d3-axis": {
      "version": "3.0.1",
      "resolved": "https://registry.npmjs.org/@types/d3-axis/-/d3-axis-3.0.1.tgz",
      "integrity": "sha512-zji/iIbdd49g9WN0aIsGcwcTBUkgLsCSwB+uH+LPVDAiKWENMtI3cJEWt+7/YYwelMoZmbBfzA3qCdrZ2XFNnw==",
      "dependencies": {
        "@types/d3-selection": "*"
      }
    },
    "node_modules/@types/d3-brush": {
      "version": "3.0.1",
      "resolved": "https://registry.npmjs.org/@types/d3-brush/-/d3-brush-3.0.1.tgz",
      "integrity": "sha512-B532DozsiTuQMHu2YChdZU0qsFJSio3Q6jmBYGYNp3gMDzBmuFFgPt9qKA4VYuLZMp4qc6eX7IUFUEsvHiXZAw==",
      "dependencies": {
        "@types/d3-selection": "*"
      }
    },
    "node_modules/@types/d3-chord": {
      "version": "3.0.1",
      "resolved": "https://registry.npmjs.org/@types/d3-chord/-/d3-chord-3.0.1.tgz",
      "integrity": "sha512-eQfcxIHrg7V++W8Qxn6QkqBNBokyhdWSAS73AbkbMzvLQmVVBviknoz2SRS/ZJdIOmhcmmdCRE/NFOm28Z1AMw=="
    },
    "node_modules/@types/d3-color": {
      "version": "3.0.2",
      "resolved": "https://registry.npmjs.org/@types/d3-color/-/d3-color-3.0.2.tgz",
      "integrity": "sha512-WVx6zBiz4sWlboCy7TCgjeyHpNjMsoF36yaagny1uXfbadc9f+5BeBf7U+lRmQqY3EHbGQpP8UdW8AC+cywSwQ=="
    },
    "node_modules/@types/d3-contour": {
      "version": "3.0.1",
      "resolved": "https://registry.npmjs.org/@types/d3-contour/-/d3-contour-3.0.1.tgz",
      "integrity": "sha512-C3zfBrhHZvrpAAK3YXqLWVAGo87A4SvJ83Q/zVJ8rFWJdKejUnDYaWZPkA8K84kb2vDA/g90LTQAz7etXcgoQQ==",
      "dependencies": {
        "@types/d3-array": "*",
        "@types/geojson": "*"
      }
    },
    "node_modules/@types/d3-delaunay": {
      "version": "6.0.0",
      "resolved": "https://registry.npmjs.org/@types/d3-delaunay/-/d3-delaunay-6.0.0.tgz",
      "integrity": "sha512-iGm7ZaGLq11RK3e69VeMM6Oqj2SjKUB9Qhcyd1zIcqn2uE8w9GFB445yCY46NOQO3ByaNyktX1DK+Etz7ZaX+w=="
    },
    "node_modules/@types/d3-dispatch": {
      "version": "3.0.1",
      "resolved": "https://registry.npmjs.org/@types/d3-dispatch/-/d3-dispatch-3.0.1.tgz",
      "integrity": "sha512-NhxMn3bAkqhjoxabVJWKryhnZXXYYVQxaBnbANu0O94+O/nX9qSjrA1P1jbAQJxJf+VC72TxDX/YJcKue5bRqw=="
    },
    "node_modules/@types/d3-drag": {
      "version": "3.0.1",
      "resolved": "https://registry.npmjs.org/@types/d3-drag/-/d3-drag-3.0.1.tgz",
      "integrity": "sha512-o1Va7bLwwk6h03+nSM8dpaGEYnoIG19P0lKqlic8Un36ymh9NSkNFX1yiXMKNMx8rJ0Kfnn2eovuFaL6Jvj0zA==",
      "dependencies": {
        "@types/d3-selection": "*"
      }
    },
    "node_modules/@types/d3-dsv": {
      "version": "3.0.0",
      "resolved": "https://registry.npmjs.org/@types/d3-dsv/-/d3-dsv-3.0.0.tgz",
      "integrity": "sha512-o0/7RlMl9p5n6FQDptuJVMxDf/7EDEv2SYEO/CwdG2tr1hTfUVi0Iavkk2ax+VpaQ/1jVhpnj5rq1nj8vwhn2A=="
    },
    "node_modules/@types/d3-ease": {
      "version": "3.0.0",
      "resolved": "https://registry.npmjs.org/@types/d3-ease/-/d3-ease-3.0.0.tgz",
      "integrity": "sha512-aMo4eaAOijJjA6uU+GIeW018dvy9+oH5Y2VPPzjjfxevvGQ/oRDs+tfYC9b50Q4BygRR8yE2QCLsrT0WtAVseA=="
    },
    "node_modules/@types/d3-fetch": {
      "version": "3.0.1",
      "resolved": "https://registry.npmjs.org/@types/d3-fetch/-/d3-fetch-3.0.1.tgz",
      "integrity": "sha512-toZJNOwrOIqz7Oh6Q7l2zkaNfXkfR7mFSJvGvlD/Ciq/+SQ39d5gynHJZ/0fjt83ec3WL7+u3ssqIijQtBISsw==",
      "dependencies": {
        "@types/d3-dsv": "*"
      }
    },
    "node_modules/@types/d3-force": {
      "version": "3.0.3",
      "resolved": "https://registry.npmjs.org/@types/d3-force/-/d3-force-3.0.3.tgz",
      "integrity": "sha512-z8GteGVfkWJMKsx6hwC3SiTSLspL98VNpmvLpEFJQpZPq6xpA1I8HNBDNSpukfK0Vb0l64zGFhzunLgEAcBWSA=="
    },
    "node_modules/@types/d3-format": {
      "version": "3.0.1",
      "resolved": "https://registry.npmjs.org/@types/d3-format/-/d3-format-3.0.1.tgz",
      "integrity": "sha512-5KY70ifCCzorkLuIkDe0Z9YTf9RR2CjBX1iaJG+rgM/cPP+sO+q9YdQ9WdhQcgPj1EQiJ2/0+yUkkziTG6Lubg=="
    },
    "node_modules/@types/d3-geo": {
      "version": "3.0.2",
      "resolved": "https://registry.npmjs.org/@types/d3-geo/-/d3-geo-3.0.2.tgz",
      "integrity": "sha512-DbqK7MLYA8LpyHQfv6Klz0426bQEf7bRTvhMy44sNGVyZoWn//B0c+Qbeg8Osi2Obdc9BLLXYAKpyWege2/7LQ==",
      "dependencies": {
        "@types/geojson": "*"
      }
    },
    "node_modules/@types/d3-hierarchy": {
      "version": "3.0.2",
      "resolved": "https://registry.npmjs.org/@types/d3-hierarchy/-/d3-hierarchy-3.0.2.tgz",
      "integrity": "sha512-+krnrWOZ+aQB6v+E+jEkmkAx9HvsNAD+1LCD0vlBY3t+HwjKnsBFbpVLx6WWzDzCIuiTWdAxXMEnGnVXpB09qQ=="
    },
    "node_modules/@types/d3-interpolate": {
      "version": "3.0.1",
      "resolved": "https://registry.npmjs.org/@types/d3-interpolate/-/d3-interpolate-3.0.1.tgz",
      "integrity": "sha512-jx5leotSeac3jr0RePOH1KdR9rISG91QIE4Q2PYTu4OymLTZfA3SrnURSLzKH48HmXVUru50b8nje4E79oQSQw==",
      "dependencies": {
        "@types/d3-color": "*"
      }
    },
    "node_modules/@types/d3-path": {
      "version": "3.0.0",
      "resolved": "https://registry.npmjs.org/@types/d3-path/-/d3-path-3.0.0.tgz",
      "integrity": "sha512-0g/A+mZXgFkQxN3HniRDbXMN79K3CdTpLsevj+PXiTcb2hVyvkZUBg37StmgCQkaD84cUJ4uaDAWq7UJOQy2Tg=="
    },
    "node_modules/@types/d3-polygon": {
      "version": "3.0.0",
      "resolved": "https://registry.npmjs.org/@types/d3-polygon/-/d3-polygon-3.0.0.tgz",
      "integrity": "sha512-D49z4DyzTKXM0sGKVqiTDTYr+DHg/uxsiWDAkNrwXYuiZVd9o9wXZIo+YsHkifOiyBkmSWlEngHCQme54/hnHw=="
    },
    "node_modules/@types/d3-quadtree": {
      "version": "3.0.2",
      "resolved": "https://registry.npmjs.org/@types/d3-quadtree/-/d3-quadtree-3.0.2.tgz",
      "integrity": "sha512-QNcK8Jguvc8lU+4OfeNx+qnVy7c0VrDJ+CCVFS9srBo2GL9Y18CnIxBdTF3v38flrGy5s1YggcoAiu6s4fLQIw=="
    },
    "node_modules/@types/d3-random": {
      "version": "3.0.1",
      "resolved": "https://registry.npmjs.org/@types/d3-random/-/d3-random-3.0.1.tgz",
      "integrity": "sha512-IIE6YTekGczpLYo/HehAy3JGF1ty7+usI97LqraNa8IiDur+L44d0VOjAvFQWJVdZOJHukUJw+ZdZBlgeUsHOQ=="
    },
    "node_modules/@types/d3-scale": {
      "version": "4.0.2",
      "resolved": "https://registry.npmjs.org/@types/d3-scale/-/d3-scale-4.0.2.tgz",
      "integrity": "sha512-Yk4htunhPAwN0XGlIwArRomOjdoBFXC3+kCxK2Ubg7I9shQlVSJy/pG/Ht5ASN+gdMIalpk8TJ5xV74jFsetLA==",
      "dependencies": {
        "@types/d3-time": "*"
      }
    },
    "node_modules/@types/d3-scale-chromatic": {
      "version": "3.0.0",
      "resolved": "https://registry.npmjs.org/@types/d3-scale-chromatic/-/d3-scale-chromatic-3.0.0.tgz",
      "integrity": "sha512-dsoJGEIShosKVRBZB0Vo3C8nqSDqVGujJU6tPznsBJxNJNwMF8utmS83nvCBKQYPpjCzaaHcrf66iTRpZosLPw=="
    },
    "node_modules/@types/d3-selection": {
      "version": "3.0.2",
      "resolved": "https://registry.npmjs.org/@types/d3-selection/-/d3-selection-3.0.2.tgz",
      "integrity": "sha512-d29EDd0iUBrRoKhPndhDY6U/PYxOWqgIZwKTooy2UkBfU7TNZNpRho0yLWPxlatQrFWk2mnTu71IZQ4+LRgKlQ=="
    },
    "node_modules/@types/d3-shape": {
      "version": "3.0.2",
      "resolved": "https://registry.npmjs.org/@types/d3-shape/-/d3-shape-3.0.2.tgz",
      "integrity": "sha512-5+ButCmIfNX8id5seZ7jKj3igdcxx+S9IDBiT35fQGTLZUfkFgTv+oBH34xgeoWDKpWcMITSzBILWQtBoN5Piw==",
      "dependencies": {
        "@types/d3-path": "*"
      }
    },
    "node_modules/@types/d3-time": {
      "version": "3.0.0",
      "resolved": "https://registry.npmjs.org/@types/d3-time/-/d3-time-3.0.0.tgz",
      "integrity": "sha512-sZLCdHvBUcNby1cB6Fd3ZBrABbjz3v1Vm90nysCQ6Vt7vd6e/h9Lt7SiJUoEX0l4Dzc7P5llKyhqSi1ycSf1Hg=="
    },
    "node_modules/@types/d3-time-format": {
      "version": "4.0.0",
      "resolved": "https://registry.npmjs.org/@types/d3-time-format/-/d3-time-format-4.0.0.tgz",
      "integrity": "sha512-yjfBUe6DJBsDin2BMIulhSHmr5qNR5Pxs17+oW4DoVPyVIXZ+m6bs7j1UVKP08Emv6jRmYrYqxYzO63mQxy1rw=="
    },
    "node_modules/@types/d3-timer": {
      "version": "3.0.0",
      "resolved": "https://registry.npmjs.org/@types/d3-timer/-/d3-timer-3.0.0.tgz",
      "integrity": "sha512-HNB/9GHqu7Fo8AQiugyJbv6ZxYz58wef0esl4Mv828w1ZKpAshw/uFWVDUcIB9KKFeFKoxS3cHY07FFgtTRZ1g=="
    },
    "node_modules/@types/d3-transition": {
      "version": "3.0.1",
      "resolved": "https://registry.npmjs.org/@types/d3-transition/-/d3-transition-3.0.1.tgz",
      "integrity": "sha512-Sv4qEI9uq3bnZwlOANvYK853zvpdKEm1yz9rcc8ZTsxvRklcs9Fx4YFuGA3gXoQN/c/1T6QkVNjhaRO/cWj94g==",
      "dependencies": {
        "@types/d3-selection": "*"
      }
    },
    "node_modules/@types/d3-zoom": {
      "version": "3.0.1",
      "resolved": "https://registry.npmjs.org/@types/d3-zoom/-/d3-zoom-3.0.1.tgz",
      "integrity": "sha512-7s5L9TjfqIYQmQQEUcpMAcBOahem7TRoSO/+Gkz02GbMVuULiZzjF2BOdw291dbO2aNon4m2OdFsRGaCq2caLQ==",
      "dependencies": {
        "@types/d3-interpolate": "*",
        "@types/d3-selection": "*"
      }
    },
    "node_modules/@types/geojson": {
      "version": "7946.0.8",
      "resolved": "https://registry.npmjs.org/@types/geojson/-/geojson-7946.0.8.tgz",
      "integrity": "sha512-1rkryxURpr6aWP7R786/UQOkJ3PcpQiWkAXBmdWc7ryFWqN6a4xfK7BtjXvFBKO9LjQ+MWQSWxYeZX1OApnArA=="
    },
    "node_modules/@types/topojson": {
      "version": "3.2.3",
      "resolved": "https://registry.npmjs.org/@types/topojson/-/topojson-3.2.3.tgz",
      "integrity": "sha512-j6D8AFYNa8Tcn0TjnWwzKxhWLpUFM4TnQxZU3p20ehOu11xiD9xiVqB6y2148IVI7js6oU8YCKAWi2JaEMktDA==",
      "dependencies": {
        "@types/geojson": "*",
        "@types/topojson-client": "*",
        "@types/topojson-server": "*",
        "@types/topojson-simplify": "*",
        "@types/topojson-specification": "*"
      }
    },
    "node_modules/@types/topojson-client": {
      "version": "3.1.0",
      "resolved": "https://registry.npmjs.org/@types/topojson-client/-/topojson-client-3.1.0.tgz",
      "integrity": "sha512-wmjTmMkF6k6m3Tn4mIyRjw8KUQZLHB1TxNcpGYirvV/aCINkC0eMJsUO/OPMkKIB6VO5iA6Vp39bmAq6QgvSfA==",
      "dependencies": {
        "@types/geojson": "*",
        "@types/topojson-specification": "*"
      }
    },
    "node_modules/@types/topojson-server": {
      "version": "3.0.1",
      "resolved": "https://registry.npmjs.org/@types/topojson-server/-/topojson-server-3.0.1.tgz",
      "integrity": "sha512-NxoC9O8lS/+a0M/FiyjIz7Wk6M03DKF5V1xp2vB9zmbMo66ZbaULg2rrosHAqgsU4BmHe4LE7A0JinPZuxGlBw==",
      "dependencies": {
        "@types/geojson": "*",
        "@types/topojson-specification": "*"
      }
    },
    "node_modules/@types/topojson-simplify": {
      "version": "3.0.1",
      "resolved": "https://registry.npmjs.org/@types/topojson-simplify/-/topojson-simplify-3.0.1.tgz",
      "integrity": "sha512-H7SS2X11Lo3iRT3e7R6jPTAazOoSLD0LKIGq1b+4m/76Md46JfeU3zVIhxfIX9FY7oiyEbXwGumjK1GUXwIIMA==",
      "dependencies": {
        "@types/geojson": "*",
        "@types/topojson-specification": "*"
      }
    },
    "node_modules/@types/topojson-specification": {
      "version": "1.0.2",
      "resolved": "https://registry.npmjs.org/@types/topojson-specification/-/topojson-specification-1.0.2.tgz",
      "integrity": "sha512-SGc1NdX9g3UGDp6S+p+uyG+Z8CehS51sUJ9bejA25Xgn2kkAguILk6J9nxXK+0M/mbTBN7ypMA7+4HVLNMJ8ag==",
      "dependencies": {
        "@types/geojson": "*"
      }
    }
  },
  "dependencies": {
    "@types/d3": {
      "version": "7.1.0",
      "resolved": "https://registry.npmjs.org/@types/d3/-/d3-7.1.0.tgz",
      "integrity": "sha512-gYWvgeGjEl+zmF8c+U1RNIKqe7sfQwIXeLXO5Os72TjDjCEtgpvGBvZ8dXlAuSS1m6B90Y1Uo6Bm36OGR/OtCA==",
      "requires": {
        "@types/d3-array": "*",
        "@types/d3-axis": "*",
        "@types/d3-brush": "*",
        "@types/d3-chord": "*",
        "@types/d3-color": "*",
        "@types/d3-contour": "*",
        "@types/d3-delaunay": "*",
        "@types/d3-dispatch": "*",
        "@types/d3-drag": "*",
        "@types/d3-dsv": "*",
        "@types/d3-ease": "*",
        "@types/d3-fetch": "*",
        "@types/d3-force": "*",
        "@types/d3-format": "*",
        "@types/d3-geo": "*",
        "@types/d3-hierarchy": "*",
        "@types/d3-interpolate": "*",
        "@types/d3-path": "*",
        "@types/d3-polygon": "*",
        "@types/d3-quadtree": "*",
        "@types/d3-random": "*",
        "@types/d3-scale": "*",
        "@types/d3-scale-chromatic": "*",
        "@types/d3-selection": "*",
        "@types/d3-shape": "*",
        "@types/d3-time": "*",
        "@types/d3-time-format": "*",
        "@types/d3-timer": "*",
        "@types/d3-transition": "*",
        "@types/d3-zoom": "*"
      }
    },
    "@types/d3-array": {
      "version": "3.0.2",
      "resolved": "https://registry.npmjs.org/@types/d3-array/-/d3-array-3.0.2.tgz",
      "integrity": "sha512-5mjGjz6XOXKOCdTajXTZ/pMsg236RdiwKPrRPWAEf/2S/+PzwY+LLYShUpeysWaMvsdS7LArh6GdUefoxpchsQ=="
    },
    "@types/d3-axis": {
      "version": "3.0.1",
      "resolved": "https://registry.npmjs.org/@types/d3-axis/-/d3-axis-3.0.1.tgz",
      "integrity": "sha512-zji/iIbdd49g9WN0aIsGcwcTBUkgLsCSwB+uH+LPVDAiKWENMtI3cJEWt+7/YYwelMoZmbBfzA3qCdrZ2XFNnw==",
      "requires": {
        "@types/d3-selection": "*"
      }
    },
    "@types/d3-brush": {
      "version": "3.0.1",
      "resolved": "https://registry.npmjs.org/@types/d3-brush/-/d3-brush-3.0.1.tgz",
      "integrity": "sha512-B532DozsiTuQMHu2YChdZU0qsFJSio3Q6jmBYGYNp3gMDzBmuFFgPt9qKA4VYuLZMp4qc6eX7IUFUEsvHiXZAw==",
      "requires": {
        "@types/d3-selection": "*"
      }
    },
    "@types/d3-chord": {
      "version": "3.0.1",
      "resolved": "https://registry.npmjs.org/@types/d3-chord/-/d3-chord-3.0.1.tgz",
      "integrity": "sha512-eQfcxIHrg7V++W8Qxn6QkqBNBokyhdWSAS73AbkbMzvLQmVVBviknoz2SRS/ZJdIOmhcmmdCRE/NFOm28Z1AMw=="
    },
    "@types/d3-color": {
      "version": "3.0.2",
      "resolved": "https://registry.npmjs.org/@types/d3-color/-/d3-color-3.0.2.tgz",
      "integrity": "sha512-WVx6zBiz4sWlboCy7TCgjeyHpNjMsoF36yaagny1uXfbadc9f+5BeBf7U+lRmQqY3EHbGQpP8UdW8AC+cywSwQ=="
    },
    "@types/d3-contour": {
      "version": "3.0.1",
      "resolved": "https://registry.npmjs.org/@types/d3-contour/-/d3-contour-3.0.1.tgz",
      "integrity": "sha512-C3zfBrhHZvrpAAK3YXqLWVAGo87A4SvJ83Q/zVJ8rFWJdKejUnDYaWZPkA8K84kb2vDA/g90LTQAz7etXcgoQQ==",
      "requires": {
        "@types/d3-array": "*",
        "@types/geojson": "*"
      }
    },
    "@types/d3-delaunay": {
      "version": "6.0.0",
      "resolved": "https://registry.npmjs.org/@types/d3-delaunay/-/d3-delaunay-6.0.0.tgz",
      "integrity": "sha512-iGm7ZaGLq11RK3e69VeMM6Oqj2SjKUB9Qhcyd1zIcqn2uE8w9GFB445yCY46NOQO3ByaNyktX1DK+Etz7ZaX+w=="
    },
    "@types/d3-dispatch": {
      "version": "3.0.1",
      "resolved": "https://registry.npmjs.org/@types/d3-dispatch/-/d3-dispatch-3.0.1.tgz",
      "integrity": "sha512-NhxMn3bAkqhjoxabVJWKryhnZXXYYVQxaBnbANu0O94+O/nX9qSjrA1P1jbAQJxJf+VC72TxDX/YJcKue5bRqw=="
    },
    "@types/d3-drag": {
      "version": "3.0.1",
      "resolved": "https://registry.npmjs.org/@types/d3-drag/-/d3-drag-3.0.1.tgz",
      "integrity": "sha512-o1Va7bLwwk6h03+nSM8dpaGEYnoIG19P0lKqlic8Un36ymh9NSkNFX1yiXMKNMx8rJ0Kfnn2eovuFaL6Jvj0zA==",
      "requires": {
        "@types/d3-selection": "*"
      }
    },
    "@types/d3-dsv": {
      "version": "3.0.0",
      "resolved": "https://registry.npmjs.org/@types/d3-dsv/-/d3-dsv-3.0.0.tgz",
      "integrity": "sha512-o0/7RlMl9p5n6FQDptuJVMxDf/7EDEv2SYEO/CwdG2tr1hTfUVi0Iavkk2ax+VpaQ/1jVhpnj5rq1nj8vwhn2A=="
    },
    "@types/d3-ease": {
      "version": "3.0.0",
      "resolved": "https://registry.npmjs.org/@types/d3-ease/-/d3-ease-3.0.0.tgz",
      "integrity": "sha512-aMo4eaAOijJjA6uU+GIeW018dvy9+oH5Y2VPPzjjfxevvGQ/oRDs+tfYC9b50Q4BygRR8yE2QCLsrT0WtAVseA=="
    },
    "@types/d3-fetch": {
      "version": "3.0.1",
      "resolved": "https://registry.npmjs.org/@types/d3-fetch/-/d3-fetch-3.0.1.tgz",
      "integrity": "sha512-toZJNOwrOIqz7Oh6Q7l2zkaNfXkfR7mFSJvGvlD/Ciq/+SQ39d5gynHJZ/0fjt83ec3WL7+u3ssqIijQtBISsw==",
      "requires": {
        "@types/d3-dsv": "*"
      }
    },
    "@types/d3-force": {
      "version": "3.0.3",
      "resolved": "https://registry.npmjs.org/@types/d3-force/-/d3-force-3.0.3.tgz",
      "integrity": "sha512-z8GteGVfkWJMKsx6hwC3SiTSLspL98VNpmvLpEFJQpZPq6xpA1I8HNBDNSpukfK0Vb0l64zGFhzunLgEAcBWSA=="
    },
    "@types/d3-format": {
      "version": "3.0.1",
      "resolved": "https://registry.npmjs.org/@types/d3-format/-/d3-format-3.0.1.tgz",
      "integrity": "sha512-5KY70ifCCzorkLuIkDe0Z9YTf9RR2CjBX1iaJG+rgM/cPP+sO+q9YdQ9WdhQcgPj1EQiJ2/0+yUkkziTG6Lubg=="
    },
    "@types/d3-geo": {
      "version": "3.0.2",
      "resolved": "https://registry.npmjs.org/@types/d3-geo/-/d3-geo-3.0.2.tgz",
      "integrity": "sha512-DbqK7MLYA8LpyHQfv6Klz0426bQEf7bRTvhMy44sNGVyZoWn//B0c+Qbeg8Osi2Obdc9BLLXYAKpyWege2/7LQ==",
      "requires": {
        "@types/geojson": "*"
      }
    },
    "@types/d3-hierarchy": {
      "version": "3.0.2",
      "resolved": "https://registry.npmjs.org/@types/d3-hierarchy/-/d3-hierarchy-3.0.2.tgz",
      "integrity": "sha512-+krnrWOZ+aQB6v+E+jEkmkAx9HvsNAD+1LCD0vlBY3t+HwjKnsBFbpVLx6WWzDzCIuiTWdAxXMEnGnVXpB09qQ=="
    },
    "@types/d3-interpolate": {
      "version": "3.0.1",
      "resolved": "https://registry.npmjs.org/@types/d3-interpolate/-/d3-interpolate-3.0.1.tgz",
      "integrity": "sha512-jx5leotSeac3jr0RePOH1KdR9rISG91QIE4Q2PYTu4OymLTZfA3SrnURSLzKH48HmXVUru50b8nje4E79oQSQw==",
      "requires": {
        "@types/d3-color": "*"
      }
    },
    "@types/d3-path": {
      "version": "3.0.0",
      "resolved": "https://registry.npmjs.org/@types/d3-path/-/d3-path-3.0.0.tgz",
      "integrity": "sha512-0g/A+mZXgFkQxN3HniRDbXMN79K3CdTpLsevj+PXiTcb2hVyvkZUBg37StmgCQkaD84cUJ4uaDAWq7UJOQy2Tg=="
    },
    "@types/d3-polygon": {
      "version": "3.0.0",
      "resolved": "https://registry.npmjs.org/@types/d3-polygon/-/d3-polygon-3.0.0.tgz",
      "integrity": "sha512-D49z4DyzTKXM0sGKVqiTDTYr+DHg/uxsiWDAkNrwXYuiZVd9o9wXZIo+YsHkifOiyBkmSWlEngHCQme54/hnHw=="
    },
    "@types/d3-quadtree": {
      "version": "3.0.2",
      "resolved": "https://registry.npmjs.org/@types/d3-quadtree/-/d3-quadtree-3.0.2.tgz",
      "integrity": "sha512-QNcK8Jguvc8lU+4OfeNx+qnVy7c0VrDJ+CCVFS9srBo2GL9Y18CnIxBdTF3v38flrGy5s1YggcoAiu6s4fLQIw=="
    },
    "@types/d3-random": {
      "version": "3.0.1",
      "resolved": "https://registry.npmjs.org/@types/d3-random/-/d3-random-3.0.1.tgz",
      "integrity": "sha512-IIE6YTekGczpLYo/HehAy3JGF1ty7+usI97LqraNa8IiDur+L44d0VOjAvFQWJVdZOJHukUJw+ZdZBlgeUsHOQ=="
    },
    "@types/d3-scale": {
      "version": "4.0.2",
      "resolved": "https://registry.npmjs.org/@types/d3-scale/-/d3-scale-4.0.2.tgz",
      "integrity": "sha512-Yk4htunhPAwN0XGlIwArRomOjdoBFXC3+kCxK2Ubg7I9shQlVSJy/pG/Ht5ASN+gdMIalpk8TJ5xV74jFsetLA==",
      "requires": {
        "@types/d3-time": "*"
      }
    },
    "@types/d3-scale-chromatic": {
      "version": "3.0.0",
      "resolved": "https://registry.npmjs.org/@types/d3-scale-chromatic/-/d3-scale-chromatic-3.0.0.tgz",
      "integrity": "sha512-dsoJGEIShosKVRBZB0Vo3C8nqSDqVGujJU6tPznsBJxNJNwMF8utmS83nvCBKQYPpjCzaaHcrf66iTRpZosLPw=="
    },
    "@types/d3-selection": {
      "version": "3.0.2",
      "resolved": "https://registry.npmjs.org/@types/d3-selection/-/d3-selection-3.0.2.tgz",
      "integrity": "sha512-d29EDd0iUBrRoKhPndhDY6U/PYxOWqgIZwKTooy2UkBfU7TNZNpRho0yLWPxlatQrFWk2mnTu71IZQ4+LRgKlQ=="
    },
    "@types/d3-shape": {
      "version": "3.0.2",
      "resolved": "https://registry.npmjs.org/@types/d3-shape/-/d3-shape-3.0.2.tgz",
      "integrity": "sha512-5+ButCmIfNX8id5seZ7jKj3igdcxx+S9IDBiT35fQGTLZUfkFgTv+oBH34xgeoWDKpWcMITSzBILWQtBoN5Piw==",
      "requires": {
        "@types/d3-path": "*"
      }
    },
    "@types/d3-time": {
      "version": "3.0.0",
      "resolved": "https://registry.npmjs.org/@types/d3-time/-/d3-time-3.0.0.tgz",
      "integrity": "sha512-sZLCdHvBUcNby1cB6Fd3ZBrABbjz3v1Vm90nysCQ6Vt7vd6e/h9Lt7SiJUoEX0l4Dzc7P5llKyhqSi1ycSf1Hg=="
    },
    "@types/d3-time-format": {
      "version": "4.0.0",
      "resolved": "https://registry.npmjs.org/@types/d3-time-format/-/d3-time-format-4.0.0.tgz",
      "integrity": "sha512-yjfBUe6DJBsDin2BMIulhSHmr5qNR5Pxs17+oW4DoVPyVIXZ+m6bs7j1UVKP08Emv6jRmYrYqxYzO63mQxy1rw=="
    },
    "@types/d3-timer": {
      "version": "3.0.0",
      "resolved": "https://registry.npmjs.org/@types/d3-timer/-/d3-timer-3.0.0.tgz",
      "integrity": "sha512-HNB/9GHqu7Fo8AQiugyJbv6ZxYz58wef0esl4Mv828w1ZKpAshw/uFWVDUcIB9KKFeFKoxS3cHY07FFgtTRZ1g=="
    },
    "@types/d3-transition": {
      "version": "3.0.1",
      "resolved": "https://registry.npmjs.org/@types/d3-transition/-/d3-transition-3.0.1.tgz",
      "integrity": "sha512-Sv4qEI9uq3bnZwlOANvYK853zvpdKEm1yz9rcc8ZTsxvRklcs9Fx4YFuGA3gXoQN/c/1T6QkVNjhaRO/cWj94g==",
      "requires": {
        "@types/d3-selection": "*"
      }
    },
    "@types/d3-zoom": {
      "version": "3.0.1",
      "resolved": "https://registry.npmjs.org/@types/d3-zoom/-/d3-zoom-3.0.1.tgz",
      "integrity": "sha512-7s5L9TjfqIYQmQQEUcpMAcBOahem7TRoSO/+Gkz02GbMVuULiZzjF2BOdw291dbO2aNon4m2OdFsRGaCq2caLQ==",
      "requires": {
        "@types/d3-interpolate": "*",
        "@types/d3-selection": "*"
      }
    },
    "@types/geojson": {
      "version": "7946.0.8",
      "resolved": "https://registry.npmjs.org/@types/geojson/-/geojson-7946.0.8.tgz",
      "integrity": "sha512-1rkryxURpr6aWP7R786/UQOkJ3PcpQiWkAXBmdWc7ryFWqN6a4xfK7BtjXvFBKO9LjQ+MWQSWxYeZX1OApnArA=="
    },
    "@types/topojson": {
      "version": "3.2.3",
      "resolved": "https://registry.npmjs.org/@types/topojson/-/topojson-3.2.3.tgz",
      "integrity": "sha512-j6D8AFYNa8Tcn0TjnWwzKxhWLpUFM4TnQxZU3p20ehOu11xiD9xiVqB6y2148IVI7js6oU8YCKAWi2JaEMktDA==",
      "requires": {
        "@types/geojson": "*",
        "@types/topojson-client": "*",
        "@types/topojson-server": "*",
        "@types/topojson-simplify": "*",
        "@types/topojson-specification": "*"
      }
    },
    "@types/topojson-client": {
      "version": "3.1.0",
      "resolved": "https://registry.npmjs.org/@types/topojson-client/-/topojson-client-3.1.0.tgz",
      "integrity": "sha512-wmjTmMkF6k6m3Tn4mIyRjw8KUQZLHB1TxNcpGYirvV/aCINkC0eMJsUO/OPMkKIB6VO5iA6Vp39bmAq6QgvSfA==",
      "requires": {
        "@types/geojson": "*",
        "@types/topojson-specification": "*"
      }
    },
    "@types/topojson-server": {
      "version": "3.0.1",
      "resolved": "https://registry.npmjs.org/@types/topojson-server/-/topojson-server-3.0.1.tgz",
      "integrity": "sha512-NxoC9O8lS/+a0M/FiyjIz7Wk6M03DKF5V1xp2vB9zmbMo66ZbaULg2rrosHAqgsU4BmHe4LE7A0JinPZuxGlBw==",
      "requires": {
        "@types/geojson": "*",
        "@types/topojson-specification": "*"
      }
    },
    "@types/topojson-simplify": {
      "version": "3.0.1",
      "resolved": "https://registry.npmjs.org/@types/topojson-simplify/-/topojson-simplify-3.0.1.tgz",
      "integrity": "sha512-H7SS2X11Lo3iRT3e7R6jPTAazOoSLD0LKIGq1b+4m/76Md46JfeU3zVIhxfIX9FY7oiyEbXwGumjK1GUXwIIMA==",
      "requires": {
        "@types/geojson": "*",
        "@types/topojson-specification": "*"
      }
    },
    "@types/topojson-specification": {
      "version": "1.0.2",
      "resolved": "https://registry.npmjs.org/@types/topojson-specification/-/topojson-specification-1.0.2.tgz",
      "integrity": "sha512-SGc1NdX9g3UGDp6S+p+uyG+Z8CehS51sUJ9bejA25Xgn2kkAguILk6J9nxXK+0M/mbTBN7ypMA7+4HVLNMJ8ag==",
      "requires": {
        "@types/geojson": "*"
      }
    }
  }
}
